
Microsoft Visual Studio Solution File, Format Version 12.00
# Visual Studio Version 16
VisualStudioVersion = 16.0.30011.22
MinimumVisualStudioVersion = 10.0.40219.1
Project("{9A19103F-16F7-4668-BE54-9A1E7A4F7556}") = "CompanyEmployees", "TutorialApi\CompanyEmployees.csproj", "{07D94CE4-9CB5-4533-8253-F9FA7FDB4F9A}"
EndProject
Project("{9A19103F-16F7-4668-BE54-9A1E7A4F7556}") = "Contracts", "Contracts\Contracts.csproj", "{1EC76BA2-E4FE-482C-8D11-5560AEAA9F60}"
EndProject
Project("{9A19103F-16F7-4668-BE54-9A1E7A4F7556}") = "LoggerService", "LoggerService\LoggerService.csproj", "{A237869A-7E01-4A41-AFB9-67E9ED62AFA8}"
EndProject
Project("{FAE04EC0-301F-11D3-BF4B-00C04F79EFBC}") = "Entities", "Entities\Entities.csproj", "{E0AF73FA-B4FD-4941-90EB-320523F5284E}"
EndProject
Project("{FAE04EC0-301F-11D3-BF4B-00C04F79EFBC}") = "Repository", "Repository\Repository.csproj", "{68E17C6E-A49B-4D0A-8B85-20139105F0DA}"
EndProject
Global
	GlobalSection(SolutionConfigurationPlatforms) = preSolution
		Debug|Any CPU = Debug|Any CPU
		Release|Any CPU = Release|Any CPU
	EndGlobalSection
	GlobalSection(ProjectConfigurationPlatforms) = postSolution
		{07D94CE4-9CB5-4533-8253-F9FA7FDB4F9A}.Debug|Any CPU.ActiveCfg = Debug|Any CPU
		{07D94CE4-9CB5-4533-8253-F9FA7FDB4F9A}.Debug|Any CPU.Build.0 = Debug|Any CPU
		{07D94CE4-9CB5-4533-8253-F9FA7FDB4F9A}.Release|Any CPU.ActiveCfg = Release|Any CPU
		{07D94CE4-9CB5-4533-8253-F9FA7FDB4F9A}.Release|Any CPU.Build.0 = Release|Any CPU
		{1EC76BA2-E4FE-482C-8D11-5560AEAA9F60}.Debug|Any CPU.ActiveCfg = Debug|Any CPU
		{1EC76BA2-E4FE-482C-8D11-5560AEAA9F60}.Debug|Any CPU.Build.0 = Debug|Any CPU
		{1EC76BA2-E4FE-482C-8D11-5560AEAA9F60}.Release|Any CPU.ActiveCfg = Release|Any CPU
		{1EC76BA2-E4FE-482C-8D11-5560AEAA9F60}.Release|Any CPU.Build.0 = Release|Any CPU
		{A237869A-7E01-4A41-AFB9-67E9ED62AFA8}.Debug|Any CPU.ActiveCfg = Debug|Any CPU
		{A237869A-7E01-4A41-AFB9-67E9ED62AFA8}.Debug|Any CPU.Build.0 = Debug|Any CPU
		{A237869A-7E01-4A41-AFB9-67E9ED62AFA8}.Release|Any CPU.ActiveCfg = Release|Any CPU
		{A237869A-7E01-4A41-AFB9-67E9ED62AFA8}.Release|Any CPU.Build.0 = Release|Any CPU
		{E0AF73FA-B4FD-4941-90EB-320523F5284E}.Debug|Any CPU.ActiveCfg = Debug|Any CPU
		{E0AF73FA-B4FD-4941-90EB-320523F5284E}.Debug|Any CPU.Build.0 = Debug|Any CPU
		{E0AF73FA-B4FD-4941-90EB-320523F5284E}.Release|Any CPU.ActiveCfg = Release|Any CPU
		{E0AF73FA-B4FD-4941-90EB-320523F5284E}.Release|Any CPU.Build.0 = Release|Any CPU
		{68E17C6E-A49B-4D0A-8B85-20139105F0DA}.Debug|Any CPU.ActiveCfg = Debug|Any CPU
		{68E17C6E-A49B-4D0A-8B85-20139105F0DA}.Debug|Any CPU.Build.0 = Debug|Any CPU
		{68E17C6E-A49B-4D0A-8B85-20139105F0DA}.Release|Any CPU.ActiveCfg = Release|Any CPU
		{68E17C6E-A49B-4D0A-8B85-20139105F0DA}.Release|Any CPU.Build.0 = Release|Any CPU
	EndGlobalSection
	GlobalSection(SolutionProperties) = preSolution
		HideSolutionNode = FALSE
	EndGlobalSection
	GlobalSection(ExtensibilityGlobals) = postSolution
		SolutionGuid = {1888AB84-7B4F-4E85-ADFC-0C0C384F12E8}
	EndGlobalSection
EndGlobal
